{
  "name": "eatwhat-front",
  "version": "0.1.0",
  "lockfileVersion": 2,
  "requires": true,
  "packages": {
    "": {
      "name": "eatwhat-front",
      "version": "0.1.0",
      "license": "ISC",
      "dependencies": {
        "vue": "^2.6.14"
      }
    },
    "node_modules/vue": {
      "version": "2.6.14",
      "resolved": "https://registry.npmmirror.com/vue/download/vue-2.6.14.tgz?cache=0&sync_timestamp=1636947969556&other_urls=https%3A%2F%2Fregistry.npmmirror.com%2Fvue%2Fdownload%2Fvue-2.6.14.tgz",
      "integrity": "sha1-5RqlJQJQ1Wmj+606ilpofWA24jU="
    }
  },
  "dependencies": {
    "vue": {
      "version": "2.6.14",
      "resolved": "https://registry.npmmirror.com/vue/download/vue-2.6.14.tgz?cache=0&sync_timestamp=1636947969556&other_urls=https%3A%2F%2Fregistry.npmmirror.com%2Fvue%2Fdownload%2Fvue-2.6.14.tgz",
      "integrity": "sha1-5RqlJQJQ1Wmj+606ilpofWA24jU="
    }
  }
}
